// !$*UTF8*$!
{
	archiveVersion = 1;
	classes = {
	};
	objectVersion = 77;
	objects = {

/* Begin PBXBuildFile section */
		111F7C6CB357FD66C780A3CB /* ScreenshotHarness.swift in Sources */ = {isa = PBXBuildFile; fileRef = 7DFB9E0D453A02F98CE889D0 /* ScreenshotHarness.swift */; };
		2A9F8A24400DCA7D14BDA57E /* SpecView.swift in Sources */ = {isa = PBXBuildFile; fileRef = 1412B0CA8729574577E4E515 /* SpecView.swift */; };
		425C8A1FB330CB259BBC8AE7 /* WorkingView.swift in Sources */ = {isa = PBXBuildFile; fileRef = B94588551D391FEF63A7DD03 /* WorkingView.swift */; };
		4A2DD3879F926F53179C3B95 /* FailureView.swift in Sources */ = {isa = PBXBuildFile; fileRef = 5C4586C88BDAC98809962B2F /* FailureView.swift */; };
		5F250679A157A0E3D00686FE /* UploadableStore.swift in Sources */ = {isa = PBXBuildFile; fileRef = 1DDAFAAAAB0399818D9A2DA2 /* UploadableStore.swift */; };
		7ECBD600D9D02B749B3FDB49 /* HomeView.swift in Sources */ = {isa = PBXBuildFile; fileRef = 5AB61347401DE5AB1C449844 /* HomeView.swift */; };
		8F0A9684454D35D2CEB02D80 /* PrivacyInfo.xcprivacy in Resources */ = {isa = PBXBuildFile; fileRef = 0CA4A13E65C117F691BE12E5 /* PrivacyInfo.xcprivacy */; };
		939602ACB355B3200BD7BC2F /* Assets.xcassets in Resources */ = {isa = PBXBuildFile; fileRef = A436FF1FA2DA5FD9A4D6D3A8 /* Assets.xcassets */; };
		9A8002B6533274344C77C6F8 /* UploadableShare.appex in Embed Foundation Extensions */ = {isa = PBXBuildFile; fileRef = DB243FDEDFA01B0F9657F76B /* UploadableShare.appex */; settings = {ATTRIBUTES = (RemoveHeadersOnCopy, ); }; };
		9A990162EA27E46B61564AD4 /* ShareViewController.swift in Sources */ = {isa = PBXBuildFile; fileRef = 5424D332E1AD5B361BAB917D /* ShareViewController.swift */; };
		9B5AF9663DB2039C1BEDE587 /* PrivacyInfo.xcprivacy in Resources */ = {isa = PBXBuildFile; fileRef = 0CA4A13E65C117F691BE12E5 /* PrivacyInfo.xcprivacy */; };
		A08FBEE564FDE6887730CBC9 /* ShareModel.swift in Sources */ = {isa = PBXBuildFile; fileRef = 920AC27B94A5F5C6787B8F82 /* ShareModel.swift */; };
		B0F48C8A66139294A8584759 /* UploadableKit in Frameworks */ = {isa = PBXBuildFile; productRef = 452FCD3CA34E710F8E278958 /* UploadableKit */; };
		B645EF1DD2243F15F767964E /* CropGestureTests.swift in Sources */ = {isa = PBXBuildFile; fileRef = 4BA88144C7E0E9F4F00AB19D /* CropGestureTests.swift */; };
		BACEC8E964059D8EC1AE9E68 /* UploadableApp.swift in Sources */ = {isa = PBXBuildFile; fileRef = 2C1029DBB33BC306A0C1AAAF /* UploadableApp.swift */; };
		BE9D94195195E5ABB14431D1 /* UploadableKit in Frameworks */ = {isa = PBXBuildFile; productRef = E97D862B457F214B5482B5A1 /* UploadableKit */; };
		D095A12A1AEBE4B8D4E3826A /* ShareFlowView.swift in Sources */ = {isa = PBXBuildFile; fileRef = 194A701B3E3D0E69270FA903 /* ShareFlowView.swift */; };
		FDFE24C51F6390B1587E3333 /* DoneView.swift in Sources */ = {isa = PBXBuildFile; fileRef = 7C598C87DED9A745E8EBD8C0 /* DoneView.swift */; };
/* End PBXBuildFile section */

/* Begin PBXContainerItemProxy section */
		67C604CB100D9763E92EC7B5 /* PBXContainerItemProxy */ = {
			isa = PBXContainerItemProxy;
			containerPortal = 0E1F85A938BDF7A3D0EA6169 /* Project object */;
			proxyType = 1;
			remoteGlobalIDString = 2FAB872F1326A4AE59A23BBE;
			remoteInfo = Uploadable;
		};
		C26BA0BB98EFBE2D82A645E8 /* PBXContainerItemProxy */ = {
			isa = PBXContainerItemProxy;
			containerPortal = 0E1F85A938BDF7A3D0EA6169 /* Project object */;
			proxyType = 1;
			remoteGlobalIDString = 5F5B992A4FFCE2D5F442FD83;
			remoteInfo = UploadableShare;
		};
/* End PBXContainerItemProxy section */

/* Begin PBXCopyFilesBuildPhase section */
		3928731B9BB05A31C68E78BB /* Embed Foundation Extensions */ = {
			isa = PBXCopyFilesBuildPhase;
			buildActionMask = 2147483647;
			dstPath = "";
			dstSubfolderSpec = 13;
			files = (
				9A8002B6533274344C77C6F8 /* UploadableShare.appex in Embed Foundation Extensions */,
			);
			name = "Embed Foundation Extensions";
			runOnlyForDeploymentPostprocessing = 0;
		};
/* End PBXCopyFilesBuildPhase section */

/* Begin PBXFileReference section */
		0CA4A13E65C117F691BE12E5 /* PrivacyInfo.xcprivacy */ = {isa = PBXFileReference; path = PrivacyInfo.xcprivacy; sourceTree = "<group>"; };
		104B42DBD8C9CD16A1D88185 /* UploadableKit */ = {isa = PBXFileReference; lastKnownFileType = folder; name = UploadableKit; path = UploadableKit; sourceTree = SOURCE_ROOT; };
		1412B0CA8729574577E4E515 /* SpecView.swift */ = {isa = PBXFileReference; lastKnownFileType = sourcecode.swift; path = SpecView.swift; sourceTree = "<group>"; };
		194A701B3E3D0E69270FA903 /* ShareFlowView.swift */ = {isa = PBXFileReference; lastKnownFileType = sourcecode.swift; path = ShareFlowView.swift; sourceTree = "<group>"; };
		1DDAFAAAAB0399818D9A2DA2 /* UploadableStore.swift */ = {isa = PBXFileReference; lastKnownFileType = sourcecode.swift; path = UploadableStore.swift; sourceTree = "<group>"; };
		2C1029DBB33BC306A0C1AAAF /* UploadableApp.swift */ = {isa = PBXFileReference; lastKnownFileType = sourcecode.swift; path = UploadableApp.swift; sourceTree = "<group>"; };
		4237A4E814CB35AF626850F9 /* Uploadable.storekit */ = {isa = PBXFileReference; path = Uploadable.storekit; sourceTree = "<group>"; };
		4BA88144C7E0E9F4F00AB19D /* CropGestureTests.swift */ = {isa = PBXFileReference; lastKnownFileType = sourcecode.swift; path = CropGestureTests.swift; sourceTree = "<group>"; };
		4ECED5D86EF798BC110B51D1 /* Uploadable.app */ = {isa = PBXFileReference; includeInIndex = 0; lastKnownFileType = wrapper.application; path = Uploadable.app; sourceTree = BUILT_PRODUCTS_DIR; };
		5424D332E1AD5B361BAB917D /* ShareViewController.swift */ = {isa = PBXFileReference; lastKnownFileType = sourcecode.swift; path = ShareViewController.swift; sourceTree = "<group>"; };
		5AB61347401DE5AB1C449844 /* HomeView.swift */ = {isa = PBXFileReference; lastKnownFileType = sourcecode.swift; path = HomeView.swift; sourceTree = "<group>"; };
		5C4586C88BDAC98809962B2F /* FailureView.swift */ = {isa = PBXFileReference; lastKnownFileType = sourcecode.swift; path = FailureView.swift; sourceTree = "<group>"; };
		7C598C87DED9A745E8EBD8C0 /* DoneView.swift */ = {isa = PBXFileReference; lastKnownFileType = sourcecode.swift; path = DoneView.swift; sourceTree = "<group>"; };
		7DFB9E0D453A02F98CE889D0 /* ScreenshotHarness.swift */ = {isa = PBXFileReference; lastKnownFileType = sourcecode.swift; path = ScreenshotHarness.swift; sourceTree = "<group>"; };
		920AC27B94A5F5C6787B8F82 /* ShareModel.swift */ = {isa = PBXFileReference; lastKnownFileType = sourcecode.swift; path = ShareModel.swift; sourceTree = "<group>"; };
		9312F7359012530B62E72265 /* UploadableUITests.xctest */ = {isa = PBXFileReference; includeInIndex = 0; lastKnownFileType = wrapper.cfbundle; path = UploadableUITests.xctest; sourceTree = BUILT_PRODUCTS_DIR; };
		A436FF1FA2DA5FD9A4D6D3A8 /* Assets.xcassets */ = {isa = PBXFileReference; lastKnownFileType = folder.assetcatalog; path = Assets.xcassets; sourceTree = "<group>"; };
		B94588551D391FEF63A7DD03 /* WorkingView.swift */ = {isa = PBXFileReference; lastKnownFileType = sourcecode.swift; path = WorkingView.swift; sourceTree = "<group>"; };
		DB243FDEDFA01B0F9657F76B /* UploadableShare.appex */ = {isa = PBXFileReference; includeInIndex = 0; lastKnownFileType = "wrapper.app-extension"; path = UploadableShare.appex; sourceTree = BUILT_PRODUCTS_DIR; };
/* End PBXFileReference section */

/* Begin PBXFrameworksBuildPhase section */
		90F43669A23FF0EE571C31C3 /* Frameworks */ = {
			isa = PBXFrameworksBuildPhase;
			buildActionMask = 2147483647;
			files = (
				BE9D94195195E5ABB14431D1 /* UploadableKit in Frameworks */,
			);
			runOnlyForDeploymentPostprocessing = 0;
		};
		E270A3270819237E05FE7AC0 /* Frameworks */ = {
			isa = PBXFrameworksBuildPhase;
			buildActionMask = 2147483647;
			files = (
				B0F48C8A66139294A8584759 /* UploadableKit in Frameworks */,
			);
			runOnlyForDeploymentPostprocessing = 0;
		};
/* End PBXFrameworksBuildPhase section */

/* Begin PBXGroup section */
		5E096ACCD87B9F8C48234261 /* Store */ = {
			isa = PBXGroup;
			children = (
				1DDAFAAAAB0399818D9A2DA2 /* UploadableStore.swift */,
			);
			path = Store;
			sourceTree = "<group>";
		};
		76981806EB5DD3C6846F0317 /* ShareExtension */ = {
			isa = PBXGroup;
			children = (
				194A701B3E3D0E69270FA903 /* ShareFlowView.swift */,
				920AC27B94A5F5C6787B8F82 /* ShareModel.swift */,
				5424D332E1AD5B361BAB917D /* ShareViewController.swift */,
			);
			path = ShareExtension;
			sourceTree = "<group>";
		};
		7ED92357E9693882D4498E9D /* Packages */ = {
			isa = PBXGroup;
			children = (
				104B42DBD8C9CD16A1D88185 /* UploadableKit */,
			);
			name = Packages;
			sourceTree = "<group>";
		};
		ADDCBC85915DCC55B8B2F30F /* Components */ = {
			isa = PBXGroup;
			children = (
			);
			path = Components;
			sourceTree = "<group>";
		};
		B07B3209F4C3986B9097FBCB /* Products */ = {
			isa = PBXGroup;
			children = (
				4ECED5D86EF798BC110B51D1 /* Uploadable.app */,
				DB243FDEDFA01B0F9657F76B /* UploadableShare.appex */,
				9312F7359012530B62E72265 /* UploadableUITests.xctest */,
			);
			name = Products;
			sourceTree = "<group>";
		};
		C8F138306FCC40B75B9C6DDD /* Screens */ = {
			isa = PBXGroup;
			children = (
				7C598C87DED9A745E8EBD8C0 /* DoneView.swift */,
				5C4586C88BDAC98809962B2F /* FailureView.swift */,
				5AB61347401DE5AB1C449844 /* HomeView.swift */,
				1412B0CA8729574577E4E515 /* SpecView.swift */,
				B94588551D391FEF63A7DD03 /* WorkingView.swift */,
			);
			path = Screens;
			sourceTree = "<group>";
		};
		D3EB3F7914B6FB3F706AD83A = {
			isa = PBXGroup;
			children = (
				A436FF1FA2DA5FD9A4D6D3A8 /* Assets.xcassets */,
				DF9DA16220A07E4DF1667EEB /* App */,
				7ED92357E9693882D4498E9D /* Packages */,
				76981806EB5DD3C6846F0317 /* ShareExtension */,
				E84DB83CCDC0A7D4E0FE0933 /* Support */,
				E2174EC65934BF9AC3B9190C /* UITests */,
				B07B3209F4C3986B9097FBCB /* Products */,
			);
			sourceTree = "<group>";
		};
		DF9DA16220A07E4DF1667EEB /* App */ = {
			isa = PBXGroup;
			children = (
				7DFB9E0D453A02F98CE889D0 /* ScreenshotHarness.swift */,
				2C1029DBB33BC306A0C1AAAF /* UploadableApp.swift */,
				ADDCBC85915DCC55B8B2F30F /* Components */,
				C8F138306FCC40B75B9C6DDD /* Screens */,
				5E096ACCD87B9F8C48234261 /* Store */,
			);
			path = App;
			sourceTree = "<group>";
		};
		E2174EC65934BF9AC3B9190C /* UITests */ = {
			isa = PBXGroup;
			children = (
				4BA88144C7E0E9F4F00AB19D /* CropGestureTests.swift */,
			);
			path = UITests;
			sourceTree = "<group>";
		};
		E84DB83CCDC0A7D4E0FE0933 /* Support */ = {
			isa = PBXGroup;
			children = (
				0CA4A13E65C117F691BE12E5 /* PrivacyInfo.xcprivacy */,
				4237A4E814CB35AF626850F9 /* Uploadable.storekit */,
			);
			path = Support;
			sourceTree = "<group>";
		};
/* End PBXGroup section */

/* Begin PBXNativeTarget section */
		1CD20EE6731C27EEB5CC4252 /* UploadableUITests */ = {
			isa = PBXNativeTarget;
			buildConfigurationList = 07F8C6A20F915AD67A9040E9 /* Build configuration list for PBXNativeTarget "UploadableUITests" */;
			buildPhases = (
				E68B6E0F08C52E24A530AB64 /* Sources */,
			);
			buildRules = (
			);
			dependencies = (
				518F176ACAE99D7192506619 /* PBXTargetDependency */,
			);
			name = UploadableUITests;
			packageProductDependencies = (
			);
			productName = UploadableUITests;
			productReference = 9312F7359012530B62E72265 /* UploadableUITests.xctest */;
			productType = "com.apple.product-type.bundle.ui-testing";
		};
		2FAB872F1326A4AE59A23BBE /* Uploadable */ = {
			isa = PBXNativeTarget;
			buildConfigurationList = D43C45623F4648B8557B11DA /* Build configuration list for PBXNativeTarget "Uploadable" */;
			buildPhases = (
				8E421615B427269344B11DE3 /* Sources */,
				E24456A02E1F18D4DBC620F1 /* Resources */,
				E270A3270819237E05FE7AC0 /* Frameworks */,
				3928731B9BB05A31C68E78BB /* Embed Foundation Extensions */,
			);
			buildRules = (
			);
			dependencies = (
				982CFE707EE01F23854C8130 /* PBXTargetDependency */,
			);
			name = Uploadable;
			packageProductDependencies = (
				452FCD3CA34E710F8E278958 /* UploadableKit */,
			);
			productName = Uploadable;
			productReference = 4ECED5D86EF798BC110B51D1 /* Uploadable.app */;
			productType = "com.apple.product-type.application";
		};
		5F5B992A4FFCE2D5F442FD83 /* UploadableShare */ = {
			isa = PBXNativeTarget;
			buildConfigurationList = 63A181F440D7C1EE2EDB0D62 /* Build configuration list for PBXNativeTarget "UploadableShare" */;
			buildPhases = (
				DD5560E787D1D4DF50ECC3A3 /* Sources */,
				6AC4DC775B1ED04333582E8D /* Resources */,
				90F43669A23FF0EE571C31C3 /* Frameworks */,
			);
			buildRules = (
			);
			dependencies = (
			);
			name = UploadableShare;
			packageProductDependencies = (
				E97D862B457F214B5482B5A1 /* UploadableKit */,
			);
			productName = UploadableShare;
			productReference = DB243FDEDFA01B0F9657F76B /* UploadableShare.appex */;
			productType = "com.apple.product-type.app-extension";
		};
/* End PBXNativeTarget section */

/* Begin PBXProject section */
		0E1F85A938BDF7A3D0EA6169 /* Project object */ = {
			isa = PBXProject;
			attributes = {
				BuildIndependentTargetsInParallel = YES;
				LastUpgradeCheck = 1430;
				TargetAttributes = {
					1CD20EE6731C27EEB5CC4252 = {
						DevelopmentTeam = PT3HD7UTA5;
						ProvisioningStyle = Automatic;
						TestTargetID = 2FAB872F1326A4AE59A23BBE;
					};
					2FAB872F1326A4AE59A23BBE = {
						DevelopmentTeam = PT3HD7UTA5;
						ProvisioningStyle = Automatic;
					};
					5F5B992A4FFCE2D5F442FD83 = {
						DevelopmentTeam = PT3HD7UTA5;
						ProvisioningStyle = Automatic;
					};
				};
			};
			buildConfigurationList = 87A95DD362515E2093CD19A0 /* Build configuration list for PBXProject "Uploadable" */;
			developmentRegion = en;
			hasScannedForEncodings = 0;
			knownRegions = (
				Base,
				en,
			);
			mainGroup = D3EB3F7914B6FB3F706AD83A;
			minimizedProjectReferenceProxies = 1;
			packageReferences = (
				D412407B792B6F19689C2420 /* XCLocalSwiftPackageReference "UploadableKit" */,
			);
			preferredProjectObjectVersion = 77;
			productRefGroup = B07B3209F4C3986B9097FBCB /* Products */;
			projectDirPath = "";
			projectRoot = "";
			targets = (
				2FAB872F1326A4AE59A23BBE /* Uploadable */,
				1CD20EE6731C27EEB5CC4252 /* UploadableUITests */,
				5F5B992A4FFCE2D5F442FD83 /* UploadableShare */,
			);
		};
/* End PBXProject section */

/* Begin PBXResourcesBuildPhase section */
		6AC4DC775B1ED04333582E8D /* Resources */ = {
			isa = PBXResourcesBuildPhase;
			buildActionMask = 2147483647;
			files = (
				8F0A9684454D35D2CEB02D80 /* PrivacyInfo.xcprivacy in Resources */,
			);
			runOnlyForDeploymentPostprocessing = 0;
		};
		E24456A02E1F18D4DBC620F1 /* Resources */ = {
			isa = PBXResourcesBuildPhase;
			buildActionMask = 2147483647;
			files = (
				939602ACB355B3200BD7BC2F /* Assets.xcassets in Resources */,
				9B5AF9663DB2039C1BEDE587 /* PrivacyInfo.xcprivacy in Resources */,
			);
			runOnlyForDeploymentPostprocessing = 0;
		};
/* End PBXResourcesBuildPhase section */

/* Begin PBXSourcesBuildPhase section */
		8E421615B427269344B11DE3 /* Sources */ = {
			isa = PBXSourcesBuildPhase;
			buildActionMask = 2147483647;
			files = (
				FDFE24C51F6390B1587E3333 /* DoneView.swift in Sources */,
				4A2DD3879F926F53179C3B95 /* FailureView.swift in Sources */,
				7ECBD600D9D02B749B3FDB49 /* HomeView.swift in Sources */,
				111F7C6CB357FD66C780A3CB /* ScreenshotHarness.swift in Sources */,
				2A9F8A24400DCA7D14BDA57E /* SpecView.swift in Sources */,
				BACEC8E964059D8EC1AE9E68 /* UploadableApp.swift in Sources */,
				5F250679A157A0E3D00686FE /* UploadableStore.swift in Sources */,
				425C8A1FB330CB259BBC8AE7 /* WorkingView.swift in Sources */,
			);
			runOnlyForDeploymentPostprocessing = 0;
		};
		DD5560E787D1D4DF50ECC3A3 /* Sources */ = {
			isa = PBXSourcesBuildPhase;
			buildActionMask = 2147483647;
			files = (
				D095A12A1AEBE4B8D4E3826A /* ShareFlowView.swift in Sources */,
				A08FBEE564FDE6887730CBC9 /* ShareModel.swift in Sources */,
				9A990162EA27E46B61564AD4 /* ShareViewController.swift in Sources */,
			);
			runOnlyForDeploymentPostprocessing = 0;
		};
		E68B6E0F08C52E24A530AB64 /* Sources */ = {
			isa = PBXSourcesBuildPhase;
			buildActionMask = 2147483647;
			files = (
				B645EF1DD2243F15F767964E /* CropGestureTests.swift in Sources */,
			);
			runOnlyForDeploymentPostprocessing = 0;
		};
/* End PBXSourcesBuildPhase section */

/* Begin PBXTargetDependency section */
		518F176ACAE99D7192506619 /* PBXTargetDependency */ = {
			isa = PBXTargetDependency;
			target = 2FAB872F1326A4AE59A23BBE /* Uploadable */;
			targetProxy = 67C604CB100D9763E92EC7B5 /* PBXContainerItemProxy */;
		};
		982CFE707EE01F23854C8130 /* PBXTargetDependency */ = {
			isa = PBXTargetDependency;
			target = 5F5B992A4FFCE2D5F442FD83 /* UploadableShare */;
			targetProxy = C26BA0BB98EFBE2D82A645E8 /* PBXContainerItemProxy */;
		};
/* End PBXTargetDependency section */

/* Begin XCBuildConfiguration section */
		305AEE35B4BDF05038B185CE /* Release */ = {
			isa = XCBuildConfiguration;
			buildSettings = {
				BUNDLE_LOADER = "$(TEST_HOST)";
				GENERATE_INFOPLIST_FILE = YES;
				LD_RUNPATH_SEARCH_PATHS = (
					"$(inherited)",
					"@executable_path/Frameworks",
					"@loader_path/Frameworks",
				);
				PRODUCT_BUNDLE_IDENTIFIER = com.leejiles.uploadable.uitests;
				SDKROOT = iphoneos;
				TARGETED_DEVICE_FAMILY = "1,2";
				TEST_TARGET_NAME = Uploadable;
			};
			name = Release;
		};
		49976F176383A4BF9ACE90B5 /* Debug */ = {
			isa = XCBuildConfiguration;
			buildSettings = {
				CODE_SIGN_ENTITLEMENTS = Support/UploadableShare.entitlements;
				INFOPLIST_FILE = "Support/UploadableShare-Info.plist";
				LD_RUNPATH_SEARCH_PATHS = (
					"$(inherited)",
					"@executable_path/Frameworks",
					"@executable_path/../../Frameworks",
				);
				PRODUCT_BUNDLE_IDENTIFIER = com.leejiles.uploadable.share;
				SDKROOT = iphoneos;
				TARGETED_DEVICE_FAMILY = "1,2";
			};
			name = Debug;
		};
		654985B6106996E5B6403F20 /* Debug */ = {
			isa = XCBuildConfiguration;
			buildSettings = {
				ASSETCATALOG_COMPILER_APPICON_NAME = AppIcon;
				CODE_SIGN_ENTITLEMENTS = Support/Uploadable.entitlements;
				CODE_SIGN_IDENTITY = "iPhone Developer";
				INFOPLIST_FILE = "Support/Uploadable-Info.plist";
				LD_RUNPATH_SEARCH_PATHS = (
					"$(inherited)",
					"@executable_path/Frameworks",
				);
				PRODUCT_BUNDLE_IDENTIFIER = com.leejiles.uploadable;
				SDKROOT = iphoneos;
				TARGETED_DEVICE_FAMILY = "1,2";
			};
			name = Debug;
		};
		6942D7AA2091DB2DDD1C5AEA /* Debug */ = {
			isa = XCBuildConfiguration;
			buildSettings = {
				BUNDLE_LOADER = "$(TEST_HOST)";
				GENERATE_INFOPLIST_FILE = YES;
				LD_RUNPATH_SEARCH_PATHS = (
					"$(inherited)",
					"@executable_path/Frameworks",
					"@loader_path/Frameworks",
				);
				PRODUCT_BUNDLE_IDENTIFIER = com.leejiles.uploadable.uitests;
				SDKROOT = iphoneos;
				TARGETED_DEVICE_FAMILY = "1,2";
				TEST_TARGET_NAME = Uploadable;
			};
			name = Debug;
		};
		A06F163BDB7C7CF24C7F438F /* Release */ = {
			isa = XCBuildConfiguration;
			buildSettings = {
				CODE_SIGN_ENTITLEMENTS = Support/UploadableShare.entitlements;
				INFOPLIST_FILE = "Support/UploadableShare-Info.plist";
				LD_RUNPATH_SEARCH_PATHS = (
					"$(inherited)",
					"@executable_path/Frameworks",
					"@executable_path/../../Frameworks",
				);
				PRODUCT_BUNDLE_IDENTIFIER = com.leejiles.uploadable.share;
				SDKROOT = iphoneos;
				TARGETED_DEVICE_FAMILY = "1,2";
			};
			name = Release;
		};
		CA5FBAE8B7D3331868CCFE11 /* Release */ = {
			isa = XCBuildConfiguration;
			buildSettings = {
				ASSETCATALOG_COMPILER_APPICON_NAME = AppIcon;
				CODE_SIGN_ENTITLEMENTS = Support/Uploadable.entitlements;
				CODE_SIGN_IDENTITY = "iPhone Developer";
				INFOPLIST_FILE = "Support/Uploadable-Info.plist";
				LD_RUNPATH_SEARCH_PATHS = (
					"$(inherited)",
					"@executable_path/Frameworks",
				);
				PRODUCT_BUNDLE_IDENTIFIER = com.leejiles.uploadable;
				SDKROOT = iphoneos;
				TARGETED_DEVICE_FAMILY = "1,2";
			};
			name = Release;
		};
		F033390C18AC81A343E5168D /* Debug */ = {
			isa = XCBuildConfiguration;
			buildSettings = {
				ALWAYS_SEARCH_USER_PATHS = NO;
				CLANG_ANALYZER_NONNULL = YES;
				CLANG_ANALYZER_NUMBER_OBJECT_CONVERSION = YES_AGGRESSIVE;
				CLANG_CXX_LANGUAGE_STANDARD = "gnu++14";
				CLANG_CXX_LIBRARY = "libc++";
				CLANG_ENABLE_MODULES = YES;
				CLANG_ENABLE_OBJC_ARC = YES;
				CLANG_ENABLE_OBJC_WEAK = YES;
				CLANG_WARN_BLOCK_CAPTURE_AUTORELEASING = YES;
				CLANG_WARN_BOOL_CONVERSION = YES;
				CLANG_WARN_COMMA = YES;
				CLANG_WARN_CONSTANT_CONVERSION = YES;
				CLANG_WARN_DEPRECATED_OBJC_IMPLEMENTATIONS = YES;
				CLANG_WARN_DIRECT_OBJC_ISA_USAGE = YES_ERROR;
				CLANG_WARN_DOCUMENTATION_COMMENTS = YES;
				CLANG_WARN_EMPTY_BODY = YES;
				CLANG_WARN_ENUM_CONVERSION = YES;
				CLANG_WARN_INFINITE_RECURSION = YES;
				CLANG_WARN_INT_CONVERSION = YES;
				CLANG_WARN_NON_LITERAL_NULL_CONVERSION = YES;
				CLANG_WARN_OBJC_IMPLICIT_RETAIN_SELF = YES;
				CLANG_WARN_OBJC_LITERAL_CONVERSION = YES;
				CLANG_WARN_OBJC_ROOT_CLASS = YES_ERROR;
				CLANG_WARN_QUOTED_INCLUDE_IN_FRAMEWORK_HEADER = YES;
				CLANG_WARN_RANGE_LOOP_ANALYSIS = YES;
				CLANG_WARN_STRICT_PROTOTYPES = YES;
				CLANG_WARN_SUSPICIOUS_MOVE = YES;
				CLANG_WARN_UNGUARDED_AVAILABILITY = YES_AGGRESSIVE;
				CLANG_WARN_UNREACHABLE_CODE = YES;
				CLANG_WARN__DUPLICATE_METHOD_MATCH = YES;
				CODE_SIGN_STYLE = Automatic;
				COPY_PHASE_STRIP = NO;
				CURRENT_PROJECT_VERSION = 1;
				DEBUG_INFORMATION_FORMAT = dwarf;
				DEVELOPMENT_TEAM = PT3HD7UTA5;
				ENABLE_STRICT_OBJC_MSGSEND = YES;
				ENABLE_TESTABILITY = YES;
				ENABLE_USER_SCRIPT_SANDBOXING = YES;
				GCC_C_LANGUAGE_STANDARD = gnu11;
				GCC_DYNAMIC_NO_PIC = NO;
				GCC_NO_COMMON_BLOCKS = YES;
				GCC_OPTIMIZATION_LEVEL = 0;
				GCC_PREPROCESSOR_DEFINITIONS = (
					"$(inherited)",
					"DEBUG=1",
				);
				GCC_WARN_64_TO_32_BIT_CONVERSION = YES;
				GCC_WARN_ABOUT_RETURN_TYPE = YES_ERROR;
				GCC_WARN_UNDECLARED_SELECTOR = YES;
				GCC_WARN_UNINITIALIZED_AUTOS = YES_AGGRESSIVE;
				GCC_WARN_UNUSED_FUNCTION = YES;
				GCC_WARN_UNUSED_VARIABLE = YES;
				IPHONEOS_DEPLOYMENT_TARGET = 18.0;
				MARKETING_VERSION = 1.0;
				MTL_ENABLE_DEBUG_INFO = INCLUDE_SOURCE;
				MTL_FAST_MATH = YES;
				ONLY_ACTIVE_ARCH = YES;
				PRODUCT_NAME = "$(TARGET_NAME)";
				SDKROOT = iphoneos;
				SWIFT_ACTIVE_COMPILATION_CONDITIONS = DEBUG;
				SWIFT_OPTIMIZATION_LEVEL = "-Onone";
				SWIFT_STRICT_CONCURRENCY = complete;
				SWIFT_UPCOMING_FEATURE_STRICT_CONCURRENCY = YES;
				SWIFT_VERSION = 6.0;
			};
			name = Debug;
		};
		F31EF154BD46D27D9E4898E3 /* Release */ = {
			isa = XCBuildConfiguration;
			buildSettings = {
				ALWAYS_SEARCH_USER_PATHS = NO;
				CLANG_ANALYZER_NONNULL = YES;
				CLANG_ANALYZER_NUMBER_OBJECT_CONVERSION = YES_AGGRESSIVE;
				CLANG_CXX_LANGUAGE_STANDARD = "gnu++14";
				CLANG_CXX_LIBRARY = "libc++";
				CLANG_ENABLE_MODULES = YES;
				CLANG_ENABLE_OBJC_ARC = YES;
				CLANG_ENABLE_OBJC_WEAK = YES;
				CLANG_WARN_BLOCK_CAPTURE_AUTORELEASING = YES;
				CLANG_WARN_BOOL_CONVERSION = YES;
				CLANG_WARN_COMMA = YES;
				CLANG_WARN_CONSTANT_CONVERSION = YES;
				CLANG_WARN_DEPRECATED_OBJC_IMPLEMENTATIONS = YES;
				CLANG_WARN_DIRECT_OBJC_ISA_USAGE = YES_ERROR;
				CLANG_WARN_DOCUMENTATION_COMMENTS = YES;
				CLANG_WARN_EMPTY_BODY = YES;
				CLANG_WARN_ENUM_CONVERSION = YES;
				CLANG_WARN_INFINITE_RECURSION = YES;
				CLANG_WARN_INT_CONVERSION = YES;
				CLANG_WARN_NON_LITERAL_NULL_CONVERSION = YES;
				CLANG_WARN_OBJC_IMPLICIT_RETAIN_SELF = YES;
				CLANG_WARN_OBJC_LITERAL_CONVERSION = YES;
				CLANG_WARN_OBJC_ROOT_CLASS = YES_ERROR;
				CLANG_WARN_QUOTED_INCLUDE_IN_FRAMEWORK_HEADER = YES;
				CLANG_WARN_RANGE_LOOP_ANALYSIS = YES;
				CLANG_WARN_STRICT_PROTOTYPES = YES;
				CLANG_WARN_SUSPICIOUS_MOVE = YES;
				CLANG_WARN_UNGUARDED_AVAILABILITY = YES_AGGRESSIVE;
				CLANG_WARN_UNREACHABLE_CODE = YES;
				CLANG_WARN__DUPLICATE_METHOD_MATCH = YES;
				CODE_SIGN_STYLE = Automatic;
				COPY_PHASE_STRIP = NO;
				CURRENT_PROJECT_VERSION = 1;
				DEBUG_INFORMATION_FORMAT = "dwarf-with-dsym";
				DEVELOPMENT_TEAM = PT3HD7UTA5;
				ENABLE_NS_ASSERTIONS = NO;
				ENABLE_STRICT_OBJC_MSGSEND = YES;
				ENABLE_USER_SCRIPT_SANDBOXING = YES;
				GCC_C_LANGUAGE_STANDARD = gnu11;
				GCC_NO_COMMON_BLOCKS = YES;
				GCC_WARN_64_TO_32_BIT_CONVERSION = YES;
				GCC_WARN_ABOUT_RETURN_TYPE = YES_ERROR;
				GCC_WARN_UNDECLARED_SELECTOR = YES;
				GCC_WARN_UNINITIALIZED_AUTOS = YES_AGGRESSIVE;
				GCC_WARN_UNUSED_FUNCTION = YES;
				GCC_WARN_UNUSED_VARIABLE = YES;
				IPHONEOS_DEPLOYMENT_TARGET = 18.0;
				MARKETING_VERSION = 1.0;
				MTL_ENABLE_DEBUG_INFO = NO;
				MTL_FAST_MATH = YES;
				PRODUCT_NAME = "$(TARGET_NAME)";
				SDKROOT = iphoneos;
				SWIFT_COMPILATION_MODE = wholemodule;
				SWIFT_OPTIMIZATION_LEVEL = "-O";
				SWIFT_STRICT_CONCURRENCY = complete;
				SWIFT_UPCOMING_FEATURE_STRICT_CONCURRENCY = YES;
				SWIFT_VERSION = 6.0;
			};
			name = Release;
		};
/* End XCBuildConfiguration section */

/* Begin XCConfigurationList section */
		07F8C6A20F915AD67A9040E9 /* Build configuration list for PBXNativeTarget "UploadableUITests" */ = {
			isa = XCConfigurationList;
			buildConfigurations = (
				6942D7AA2091DB2DDD1C5AEA /* Debug */,
				305AEE35B4BDF05038B185CE /* Release */,
			);
			defaultConfigurationIsVisible = 0;
			defaultConfigurationName = Debug;
		};
		63A181F440D7C1EE2EDB0D62 /* Build configuration list for PBXNativeTarget "UploadableShare" */ = {
			isa = XCConfigurationList;
			buildConfigurations = (
				49976F176383A4BF9ACE90B5 /* Debug */,
				A06F163BDB7C7CF24C7F438F /* Release */,
			);
			defaultConfigurationIsVisible = 0;
			defaultConfigurationName = Debug;
		};
		87A95DD362515E2093CD19A0 /* Build configuration list for PBXProject "Uploadable" */ = {
			isa = XCConfigurationList;
			buildConfigurations = (
				F033390C18AC81A343E5168D /* Debug */,
				F31EF154BD46D27D9E4898E3 /* Release */,
			);
			defaultConfigurationIsVisible = 0;
			defaultConfigurationName = Debug;
		};
		D43C45623F4648B8557B11DA /* Build configuration list for PBXNativeTarget "Uploadable" */ = {
			isa = XCConfigurationList;
			buildConfigurations = (
				654985B6106996E5B6403F20 /* Debug */,
				CA5FBAE8B7D3331868CCFE11 /* Release */,
			);
			defaultConfigurationIsVisible = 0;
			defaultConfigurationName = Debug;
		};
/* End XCConfigurationList section */

/* Begin XCLocalSwiftPackageReference section */
		D412407B792B6F19689C2420 /* XCLocalSwiftPackageReference "UploadableKit" */ = {
			isa = XCLocalSwiftPackageReference;
			relativePath = UploadableKit;
		};
/* End XCLocalSwiftPackageReference section */

/* Begin XCSwiftPackageProductDependency section */
		452FCD3CA34E710F8E278958 /* UploadableKit */ = {
			isa = XCSwiftPackageProductDependency;
			productName = UploadableKit;
		};
		E97D862B457F214B5482B5A1 /* UploadableKit */ = {
			isa = XCSwiftPackageProductDependency;
			productName = UploadableKit;
		};
/* End XCSwiftPackageProductDependency section */
	};
	rootObject = 0E1F85A938BDF7A3D0EA6169 /* Project object */;
}
